// !$*UTF8*$!
{
	archiveVersion = 1;
	classes = {
	};
	objectVersion = 51;
	objects = {

/* Begin PBXBuildFile section */
		28CD9B8C6FE7E3DF245CA0E7 /* Pods_On_Your_Way.framework in Frameworks */ = {isa = PBXBuildFile; fileRef = 675DCED79A5B42D98125C350 /* Pods_On_Your_Way.framework */; };
		834C981C25311CCC00BE8691 /* AppDelegate.swift in Sources */ = {isa = PBXBuildFile; fileRef = 834C981B25311CCC00BE8691 /* AppDelegate.swift */; };
		834C981E25311CCC00BE8691 /* SceneDelegate.swift in Sources */ = {isa = PBXBuildFile; fileRef = 834C981D25311CCC00BE8691 /* SceneDelegate.swift */; };
		834C982025311CCC00BE8691 /* MainTabController.swift in Sources */ = {isa = PBXBuildFile; fileRef = 834C981F25311CCC00BE8691 /* MainTabController.swift */; };
		834C982525311CCE00BE8691 /* Assets.xcassets in Resources */ = {isa = PBXBuildFile; fileRef = 834C982425311CCE00BE8691 /* Assets.xcassets */; };
		834C982825311CCE00BE8691 /* LaunchScreen.storyboard in Resources */ = {isa = PBXBuildFile; fileRef = 834C982625311CCE00BE8691 /* LaunchScreen.storyboard */; };
		834C987025311EAD00BE8691 /* GoogleService-Info.plist in Resources */ = {isa = PBXBuildFile; fileRef = 834C986F25311EAD00BE8691 /* GoogleService-Info.plist */; };
		834C98752531227D00BE8691 /* Constants.swift in Sources */ = {isa = PBXBuildFile; fileRef = 834C98742531227D00BE8691 /* Constants.swift */; };
		834C987E2531286100BE8691 /* TripsTimelineController.swift in Sources */ = {isa = PBXBuildFile; fileRef = 834C987D2531286100BE8691 /* TripsTimelineController.swift */; };
		834C98812531288D00BE8691 /* OrdersController.swift in Sources */ = {isa = PBXBuildFile; fileRef = 834C98802531288D00BE8691 /* OrdersController.swift */; };
		834C9887253129FF00BE8691 /* RecentController.swift in Sources */ = {isa = PBXBuildFile; fileRef = 834C9886253129FF00BE8691 /* RecentController.swift */; };
		834C988B25312A7600BE8691 /* ProfileController.swift in Sources */ = {isa = PBXBuildFile; fileRef = 834C988A25312A7600BE8691 /* ProfileController.swift */; };
		834C989025312B5C00BE8691 /* LoginController.swift in Sources */ = {isa = PBXBuildFile; fileRef = 834C988F25312B5C00BE8691 /* LoginController.swift */; };
		834C989425312B6600BE8691 /* RegistrationController.swift in Sources */ = {isa = PBXBuildFile; fileRef = 834C989325312B6600BE8691 /* RegistrationController.swift */; };
		834C989825312BCE00BE8691 /* Extenions.swift in Sources */ = {isa = PBXBuildFile; fileRef = 834C989725312BCE00BE8691 /* Extenions.swift */; };
		834C98B025312C5700BE8691 /* isTypingIndicator.json in Resources */ = {isa = PBXBuildFile; fileRef = 834C989C25312C5700BE8691 /* isTypingIndicator.json */; };
		834C98B125312C5700BE8691 /* height_measure_tape.json in Resources */ = {isa = PBXBuildFile; fileRef = 834C989D25312C5700BE8691 /* height_measure_tape.json */; };
		834C98B225312C5700BE8691 /* social_distancing.json in Resources */ = {isa = PBXBuildFile; fileRef = 834C989E25312C5700BE8691 /* social_distancing.json */; };
		834C98B325312C5700BE8691 /* stay_home.json in Resources */ = {isa = PBXBuildFile; fileRef = 834C989F25312C5700BE8691 /* stay_home.json */; };
		834C98B425312C5700BE8691 /* cleanPhones.json in Resources */ = {isa = PBXBuildFile; fileRef = 834C98A025312C5700BE8691 /* cleanPhones.json */; };
		834C98B525312C5700BE8691 /* 34548-5-estrellas.json in Resources */ = {isa = PBXBuildFile; fileRef = 834C98A125312C5700BE8691 /* 34548-5-estrellas.json */; };
		834C98B625312C5700BE8691 /* package_delivery.json in Resources */ = {isa = PBXBuildFile; fileRef = 834C98A225312C5700BE8691 /* package_delivery.json */; };
		834C98B725312C5700BE8691 /* width_measure_tape.json in Resources */ = {isa = PBXBuildFile; fileRef = 834C98A325312C5700BE8691 /* width_measure_tape.json */; };
		834C98B825312C5700BE8691 /* sendingemail.json in Resources */ = {isa = PBXBuildFile; fileRef = 834C98A425312C5700BE8691 /* sendingemail.json */; };
		834C98B925312C5700BE8691 /* hand_sanitizer.json in Resources */ = {isa = PBXBuildFile; fileRef = 834C98A525312C5700BE8691 /* hand_sanitizer.json */; };
		834C98BA25312C5700BE8691 /* textMessage_SMS.json in Resources */ = {isa = PBXBuildFile; fileRef = 834C98A625312C5700BE8691 /* textMessage_SMS.json */; };
		834C98BB25312C5700BE8691 /* covid_19_protect.json in Resources */ = {isa = PBXBuildFile; fileRef = 834C98A725312C5700BE8691 /* covid_19_protect.json */; };
		834C98BC25312C5700BE8691 /* safety.json in Resources */ = {isa = PBXBuildFile; fileRef = 834C98A825312C5700BE8691 /* safety.json */; };
		834C98BD25312C5700BE8691 /* delivery_home.json in Resources */ = {isa = PBXBuildFile; fileRef = 834C98A925312C5700BE8691 /* delivery_home.json */; };
		834C98BE25312C5700BE8691 /* packageDelivery.json in Resources */ = {isa = PBXBuildFile; fileRef = 834C98AA25312C5700BE8691 /* packageDelivery.json */; };
		834C98BF25312C5700BE8691 /* delivery_address_green.json in Resources */ = {isa = PBXBuildFile; fileRef = 834C98AB25312C5700BE8691 /* delivery_address_green.json */; };
		834C98C025312C5700BE8691 /* hand_sanitizer2.json in Resources */ = {isa = PBXBuildFile; fileRef = 834C98AC25312C5700BE8691 /* hand_sanitizer2.json */; };
		834C98C125312C5700BE8691 /* chat.json in Resources */ = {isa = PBXBuildFile; fileRef = 834C98AD25312C5700BE8691 /* chat.json */; };
		834C98C225312C5700BE8691 /* wearMask.json in Resources */ = {isa = PBXBuildFile; fileRef = 834C98AE25312C5700BE8691 /* wearMask.json */; };
		834C98C325312C5700BE8691 /* wash_your_hands_regularly.json in Resources */ = {isa = PBXBuildFile; fileRef = 834C98AF25312C5700BE8691 /* wash_your_hands_regularly.json */; };
		834C98C625312E3900BE8691 /* User.swift in Sources */ = {isa = PBXBuildFile; fileRef = 834C98C525312E3900BE8691 /* User.swift */; };
		834C98CF253192C000BE8691 /* CustomContainerView.swift in Sources */ = {isa = PBXBuildFile; fileRef = 834C98CE253192C000BE8691 /* CustomContainerView.swift */; };
		834C98D2253193D800BE8691 /* CustomTextField.swift in Sources */ = {isa = PBXBuildFile; fileRef = 834C98D1253193D800BE8691 /* CustomTextField.swift */; };
		834C98DB2531AA2A00BE8691 /* PhoneLoginController.swift in Sources */ = {isa = PBXBuildFile; fileRef = 834C98DA2531AA2A00BE8691 /* PhoneLoginController.swift */; };
		834C98E02531AE0D00BE8691 /* PhoneOPTTextField.swift in Sources */ = {isa = PBXBuildFile; fileRef = 834C98DF2531AE0D00BE8691 /* PhoneOPTTextField.swift */; };
		834C98E42531D0F800BE8691 /* AuthServices.swift in Sources */ = {isa = PBXBuildFile; fileRef = 834C98E32531D0F800BE8691 /* AuthServices.swift */; };
		834C98F02532304600BE8691 /* LNPopupController.framework in Frameworks */ = {isa = PBXBuildFile; fileRef = 834C98EF2532304600BE8691 /* LNPopupController.framework */; };
		834C98F12532304600BE8691 /* LNPopupController.framework in Embed Frameworks */ = {isa = PBXBuildFile; fileRef = 834C98EF2532304600BE8691 /* LNPopupController.framework */; settings = {ATTRIBUTES = (CodeSignOnCopy, RemoveHeadersOnCopy, ); }; };
		834C98F42532307E00BE8691 /* LNPopupController.framework in Frameworks */ = {isa = PBXBuildFile; fileRef = 834C98F32532307E00BE8691 /* LNPopupController.framework */; };
		834C98F52532307E00BE8691 /* LNPopupController.framework in Embed Frameworks */ = {isa = PBXBuildFile; fileRef = 834C98F32532307E00BE8691 /* LNPopupController.framework */; settings = {ATTRIBUTES = (CodeSignOnCopy, RemoveHeadersOnCopy, ); }; };
		834C98FB253231E000BE8691 /* SafetyControllerGuidelines.swift in Sources */ = {isa = PBXBuildFile; fileRef = 834C98F7253231DF00BE8691 /* SafetyControllerGuidelines.swift */; };
		834C98FC253231E000BE8691 /* SafetyFooterView.swift in Sources */ = {isa = PBXBuildFile; fileRef = 834C98F8253231DF00BE8691 /* SafetyFooterView.swift */; };
		834C98FD253231E000BE8691 /* SafetyCell.swift in Sources */ = {isa = PBXBuildFile; fileRef = 834C98F9253231E000BE8691 /* SafetyCell.swift */; };
		834C98FE253231E000BE8691 /* TableHeaderView.swift in Sources */ = {isa = PBXBuildFile; fileRef = 834C98FA253231E000BE8691 /* TableHeaderView.swift */; };
		834C99032532326800BE8691 /* PeopleReviewHeader.swift in Sources */ = {isa = PBXBuildFile; fileRef = 834C99002532326800BE8691 /* PeopleReviewHeader.swift */; };
		834C99042532326800BE8691 /* PeopleReviewsCell.swift in Sources */ = {isa = PBXBuildFile; fileRef = 834C99012532326800BE8691 /* PeopleReviewsCell.swift */; };
		834C99052532326800BE8691 /* PeopleReviewsController.swift in Sources */ = {isa = PBXBuildFile; fileRef = 834C99022532326800BE8691 /* PeopleReviewsController.swift */; };
		834C990A253232D700BE8691 /* OnboardingController.swift in Sources */ = {isa = PBXBuildFile; fileRef = 834C9907253232D600BE8691 /* OnboardingController.swift */; };
		834C990B253232D700BE8691 /* Page.swift in Sources */ = {isa = PBXBuildFile; fileRef = 834C9908253232D600BE8691 /* Page.swift */; };
		834C990C253232D700BE8691 /* OnboardingCell.swift in Sources */ = {isa = PBXBuildFile; fileRef = 834C9909253232D700BE8691 /* OnboardingCell.swift */; };
		834C9911253233D300BE8691 /* ProfileHeader.swift in Sources */ = {isa = PBXBuildFile; fileRef = 834C990E253233D200BE8691 /* ProfileHeader.swift */; };
		834C9912253233D300BE8691 /* ProfileCell.swift in Sources */ = {isa = PBXBuildFile; fileRef = 834C990F253233D300BE8691 /* ProfileCell.swift */; };
		834C9913253233D300BE8691 /* ProfileFooterView.swift in Sources */ = {isa = PBXBuildFile; fileRef = 834C9910253233D300BE8691 /* ProfileFooterView.swift */; };
		834C9915253237AC00BE8691 /* OrderCell.swift in Sources */ = {isa = PBXBuildFile; fileRef = 834C9914253237AC00BE8691 /* OrderCell.swift */; };
		834C991A2532391B00BE8691 /* NewTripController.swift in Sources */ = {isa = PBXBuildFile; fileRef = 834C99182532391B00BE8691 /* NewTripController.swift */; };
		834C991B2532391B00BE8691 /* DateAndTimeController.swift in Sources */ = {isa = PBXBuildFile; fileRef = 834C99192532391B00BE8691 /* DateAndTimeController.swift */; };
		834C991D25323C3200BE8691 /* RecentCell.swift in Sources */ = {isa = PBXBuildFile; fileRef = 834C991C25323C3200BE8691 /* RecentCell.swift */; };
		834C9920253289C200BE8691 /* PushNotificationService.swift in Sources */ = {isa = PBXBuildFile; fileRef = 834C991F253289C200BE8691 /* PushNotificationService.swift */; };
		834C99222532D7B900BE8691 /* UserServices.swift in Sources */ = {isa = PBXBuildFile; fileRef = 834C99212532D7B900BE8691 /* UserServices.swift */; };
		834C99242532E61500BE8691 /* FileStorage.swift in Sources */ = {isa = PBXBuildFile; fileRef = 834C99232532E61500BE8691 /* FileStorage.swift */; };
		834C992B2533542B00BE8691 /* TripCell.swift in Sources */ = {isa = PBXBuildFile; fileRef = 834C992A2533542B00BE8691 /* TripCell.swift */; };
		834C993525337C0A00BE8691 /* RecentChat.swift in Sources */ = {isa = PBXBuildFile; fileRef = 834C993425337C0900BE8691 /* RecentChat.swift */; };
		834C9938253382B400BE8691 /* FirebaseRecentService.swift in Sources */ = {isa = PBXBuildFile; fileRef = 834C9937253382B400BE8691 /* FirebaseRecentService.swift */; };
		834C993A253384C700BE8691 /* StartChat.swift in Sources */ = {isa = PBXBuildFile; fileRef = 834C9939253384C700BE8691 /* StartChat.swift */; };
		834C993E25338D6800BE8691 /* Trip.swift in Sources */ = {isa = PBXBuildFile; fileRef = 834C993D25338D6800BE8691 /* Trip.swift */; };
		834C99432533A92800BE8691 /* TripService.swift in Sources */ = {isa = PBXBuildFile; fileRef = 834C99422533A92800BE8691 /* TripService.swift */; };
		83D7D3ED2534720500FA88F0 /* TripDetailsController.swift in Sources */ = {isa = PBXBuildFile; fileRef = 83D7D3E92534720400FA88F0 /* TripDetailsController.swift */; };
		83D7D3EE2534720500FA88F0 /* TripDetailsCell.swift in Sources */ = {isa = PBXBuildFile; fileRef = 83D7D3EA2534720500FA88F0 /* TripDetailsCell.swift */; };
		83D7D3EF2534720500FA88F0 /* TripDetailsHeaderView.swift in Sources */ = {isa = PBXBuildFile; fileRef = 83D7D3EB2534720500FA88F0 /* TripDetailsHeaderView.swift */; };
		83D7D3F02534720500FA88F0 /* TripDetailsFooterView.swift in Sources */ = {isa = PBXBuildFile; fileRef = 83D7D3EC2534720500FA88F0 /* TripDetailsFooterView.swift */; };
		83D7D3F225347CEF00FA88F0 /* TripViewModel.swift in Sources */ = {isa = PBXBuildFile; fileRef = 83D7D3F125347CEF00FA88F0 /* TripViewModel.swift */; };
		83D7D41E2534F55E00FA88F0 /* UpdateEmailController.swift in Sources */ = {isa = PBXBuildFile; fileRef = 83D7D41D2534F55E00FA88F0 /* UpdateEmailController.swift */; };
		83D7D4202534F8F900FA88F0 /* emailConfirmation.json in Resources */ = {isa = PBXBuildFile; fileRef = 83D7D41F2534F8F900FA88F0 /* emailConfirmation.json */; };
		83D7D4222535913A00FA88F0 /* SendPackageController.swift in Sources */ = {isa = PBXBuildFile; fileRef = 83D7D4212535913A00FA88F0 /* SendPackageController.swift */; };
		83D7D42625359DC400FA88F0 /* SendPackageImagesStackView.swift in Sources */ = {isa = PBXBuildFile; fileRef = 83D7D42525359DC400FA88F0 /* SendPackageImagesStackView.swift */; };
		83D7D4282535A49B00FA88F0 /* Package.swift in Sources */ = {isa = PBXBuildFile; fileRef = 83D7D4272535A49B00FA88F0 /* Package.swift */; };
/* End PBXBuildFile section */

/* Begin PBXCopyFilesBuildPhase section */
		834C98F22532304700BE8691 /* Embed Frameworks */ = {
			isa = PBXCopyFilesBuildPhase;
			buildActionMask = 2147483647;
			dstPath = "";
			dstSubfolderSpec = 10;
			files = (
				834C98F12532304600BE8691 /* LNPopupController.framework in Embed Frameworks */,
				834C98F52532307E00BE8691 /* LNPopupController.framework in Embed Frameworks */,
			);
			name = "Embed Frameworks";
			runOnlyForDeploymentPostprocessing = 0;
		};
/* End PBXCopyFilesBuildPhase section */

/* Begin PBXFileReference section */
		675DCED79A5B42D98125C350 /* Pods_On_Your_Way.framework */ = {isa = PBXFileReference; explicitFileType = wrapper.framework; includeInIndex = 0; path = Pods_On_Your_Way.framework; sourceTree = BUILT_PRODUCTS_DIR; };
		71A55185440CDC76BE70C863 /* Pods-On Your Way.debug.xcconfig */ = {isa = PBXFileReference; includeInIndex = 1; lastKnownFileType = text.xcconfig; name = "Pods-On Your Way.debug.xcconfig"; path = "Target Support Files/Pods-On Your Way/Pods-On Your Way.debug.xcconfig"; sourceTree = "<group>"; };
		834C981825311CCC00BE8691 /* On Your Way.app */ = {isa = PBXFileReference; explicitFileType = wrapper.application; includeInIndex = 0; path = "On Your Way.app"; sourceTree = BUILT_PRODUCTS_DIR; };
		834C981B25311CCC00BE8691 /* AppDelegate.swift */ = {isa = PBXFileReference; lastKnownFileType = sourcecode.swift; path = AppDelegate.swift; sourceTree = "<group>"; };
		834C981D25311CCC00BE8691 /* SceneDelegate.swift */ = {isa = PBXFileReference; lastKnownFileType = sourcecode.swift; path = SceneDelegate.swift; sourceTree = "<group>"; };
		834C981F25311CCC00BE8691 /* MainTabController.swift */ = {isa = PBXFileReference; lastKnownFileType = sourcecode.swift; path = MainTabController.swift; sourceTree = "<group>"; };
		834C982425311CCE00BE8691 /* Assets.xcassets */ = {isa = PBXFileReference; lastKnownFileType = folder.assetcatalog; path = Assets.xcassets; sourceTree = "<group>"; };
		834C982725311CCE00BE8691 /* Base */ = {isa = PBXFileReference; lastKnownFileType = file.storyboard; name = Base; path = Base.lproj/LaunchScreen.storyboard; sourceTree = "<group>"; };
		834C982925311CCF00BE8691 /* Info.plist */ = {isa = PBXFileReference; lastKnownFileType = text.plist.xml; path = Info.plist; sourceTree = "<group>"; };
		834C983125311CE900BE8691 /* On Your Way.entitlements */ = {isa = PBXFileReference; lastKnownFileType = text.plist.entitlements; path = "On Your Way.entitlements"; sourceTree = "<group>"; };
		834C986F25311EAD00BE8691 /* GoogleService-Info.plist */ = {isa = PBXFileReference; fileEncoding = 4; lastKnownFileType = text.plist.xml; path = "GoogleService-Info.plist"; sourceTree = "<group>"; };
		834C98742531227D00BE8691 /* Constants.swift */ = {isa = PBXFileReference; lastKnownFileType = sourcecode.swift; path = Constants.swift; sourceTree = "<group>"; };
		834C987D2531286100BE8691 /* TripsTimelineController.swift */ = {isa = PBXFileReference; lastKnownFileType = sourcecode.swift; path = TripsTimelineController.swift; sourceTree = "<group>"; };
		834C98802531288D00BE8691 /* OrdersController.swift */ = {isa = PBXFileReference; lastKnownFileType = sourcecode.swift; path = OrdersController.swift; sourceTree = "<group>"; };
		834C9886253129FF00BE8691 /* RecentController.swift */ = {isa = PBXFileReference; lastKnownFileType = sourcecode.swift; path = RecentController.swift; sourceTree = "<group>"; };
		834C988A25312A7600BE8691 /* ProfileController.swift */ = {isa = PBXFileReference; lastKnownFileType = sourcecode.swift; path = ProfileController.swift; sourceTree = "<group>"; };
		834C988F25312B5C00BE8691 /* LoginController.swift */ = {isa = PBXFileReference; lastKnownFileType = sourcecode.swift; path = LoginController.swift; sourceTree = "<group>"; };
		834C989325312B6600BE8691 /* RegistrationController.swift */ = {isa = PBXFileReference; lastKnownFileType = sourcecode.swift; path = RegistrationController.swift; sourceTree = "<group>"; };
		834C989725312BCE00BE8691 /* Extenions.swift */ = {isa = PBXFileReference; lastKnownFileType = sourcecode.swift; path = Extenions.swift; sourceTree = "<group>"; };
		834C989C25312C5700BE8691 /* isTypingIndicator.json */ = {isa = PBXFileReference; fileEncoding = 4; lastKnownFileType = text.json; path = isTypingIndicator.json; sourceTree = "<group>"; };
		834C989D25312C5700BE8691 /* height_measure_tape.json */ = {isa = PBXFileReference; fileEncoding = 4; lastKnownFileType = text.json; path = height_measure_tape.json; sourceTree = "<group>"; };
		834C989E25312C5700BE8691 /* social_distancing.json */ = {isa = PBXFileReference; fileEncoding = 4; lastKnownFileType = text.json; path = social_distancing.json; sourceTree = "<group>"; };
		834C989F25312C5700BE8691 /* stay_home.json */ = {isa = PBXFileReference; fileEncoding = 4; lastKnownFileType = text.json; path = stay_home.json; sourceTree = "<group>"; };
		834C98A025312C5700BE8691 /* cleanPhones.json */ = {isa = PBXFileReference; fileEncoding = 4; lastKnownFileType = text.json; path = cleanPhones.json; sourceTree = "<group>"; };
		834C98A125312C5700BE8691 /* 34548-5-estrellas.json */ = {isa = PBXFileReference; fileEncoding = 4; lastKnownFileType = text.json; path = "34548-5-estrellas.json"; sourceTree = "<group>"; };
		834C98A225312C5700BE8691 /* package_delivery.json */ = {isa = PBXFileReference; fileEncoding = 4; lastKnownFileType = text.json; path = package_delivery.json; sourceTree = "<group>"; };
		834C98A325312C5700BE8691 /* width_measure_tape.json */ = {isa = PBXFileReference; fileEncoding = 4; lastKnownFileType = text.json; path = width_measure_tape.json; sourceTree = "<group>"; };
		834C98A425312C5700BE8691 /* sendingemail.json */ = {isa = PBXFileReference; fileEncoding = 4; lastKnownFileType = text.json; path = sendingemail.json; sourceTree = "<group>"; };
		834C98A525312C5700BE8691 /* hand_sanitizer.json */ = {isa = PBXFileReference; fileEncoding = 4; lastKnownFileType = text.json; path = hand_sanitizer.json; sourceTree = "<group>"; };
		834C98A625312C5700BE8691 /* textMessage_SMS.json */ = {isa = PBXFileReference; fileEncoding = 4; lastKnownFileType = text.json; path = textMessage_SMS.json; sourceTree = "<group>"; };
		834C98A725312C5700BE8691 /* covid_19_protect.json */ = {isa = PBXFileReference; fileEncoding = 4; lastKnownFileType = text.json; path = covid_19_protect.json; sourceTree = "<group>"; };
		834C98A825312C5700BE8691 /* safety.json */ = {isa = PBXFileReference; fileEncoding = 4; lastKnownFileType = text.json; path = safety.json; sourceTree = "<group>"; };
		834C98A925312C5700BE8691 /* delivery_home.json */ = {isa = PBXFileReference; fileEncoding = 4; lastKnownFileType = text.json; path = delivery_home.json; sourceTree = "<group>"; };
		834C98AA25312C5700BE8691 /* packageDelivery.json */ = {isa = PBXFileReference; fileEncoding = 4; lastKnownFileType = text.json; path = packageDelivery.json; sourceTree = "<group>"; };
		834C98AB25312C5700BE8691 /* delivery_address_green.json */ = {isa = PBXFileReference; fileEncoding = 4; lastKnownFileType = text.json; path = delivery_address_green.json; sourceTree = "<group>"; };
		834C98AC25312C5700BE8691 /* hand_sanitizer2.json */ = {isa = PBXFileReference; fileEncoding = 4; lastKnownFileType = text.json; path = hand_sanitizer2.json; sourceTree = "<group>"; };
		834C98AD25312C5700BE8691 /* chat.json */ = {isa = PBXFileReference; fileEncoding = 4; lastKnownFileType = text.json; path = chat.json; sourceTree = "<group>"; };
		834C98AE25312C5700BE8691 /* wearMask.json */ = {isa = PBXFileReference; fileEncoding = 4; lastKnownFileType = text.json; path = wearMask.json; sourceTree = "<group>"; };
		834C98AF25312C5700BE8691 /* wash_your_hands_regularly.json */ = {isa = PBXFileReference; fileEncoding = 4; lastKnownFileType = text.json; path = wash_your_hands_regularly.json; sourceTree = "<group>"; };
		834C98C525312E3900BE8691 /* User.swift */ = {isa = PBXFileReference; lastKnownFileType = sourcecode.swift; path = User.swift; sourceTree = "<group>"; };
		834C98CE253192C000BE8691 /* CustomContainerView.swift */ = {isa = PBXFileReference; lastKnownFileType = sourcecode.swift; path = CustomContainerView.swift; sourceTree = "<group>"; };
		834C98D1253193D800BE8691 /* CustomTextField.swift */ = {isa = PBXFileReference; lastKnownFileType = sourcecode.swift; path = CustomTextField.swift; sourceTree = "<group>"; };
		834C98DA2531AA2A00BE8691 /* PhoneLoginController.swift */ = {isa = PBXFileReference; lastKnownFileType = sourcecode.swift; path = PhoneLoginController.swift; sourceTree = "<group>"; };
		834C98DF2531AE0D00BE8691 /* PhoneOPTTextField.swift */ = {isa = PBXFileReference; lastKnownFileType = sourcecode.swift; path = PhoneOPTTextField.swift; sourceTree = "<group>"; };
		834C98E32531D0F800BE8691 /* AuthServices.swift */ = {isa = PBXFileReference; lastKnownFileType = sourcecode.swift; path = AuthServices.swift; sourceTree = "<group>"; };
		834C98EF2532304600BE8691 /* LNPopupController.framework */ = {isa = PBXFileReference; explicitFileType = wrapper.framework; path = LNPopupController.framework; sourceTree = BUILT_PRODUCTS_DIR; };
		834C98F32532307E00BE8691 /* LNPopupController.framework */ = {isa = PBXFileReference; explicitFileType = wrapper.framework; path = LNPopupController.framework; sourceTree = BUILT_PRODUCTS_DIR; };
		834C98F7253231DF00BE8691 /* SafetyControllerGuidelines.swift */ = {isa = PBXFileReference; fileEncoding = 4; lastKnownFileType = sourcecode.swift; path = SafetyControllerGuidelines.swift; sourceTree = "<group>"; };
		834C98F8253231DF00BE8691 /* SafetyFooterView.swift */ = {isa = PBXFileReference; fileEncoding = 4; lastKnownFileType = sourcecode.swift; path = SafetyFooterView.swift; sourceTree = "<group>"; };
		834C98F9253231E000BE8691 /* SafetyCell.swift */ = {isa = PBXFileReference; fileEncoding = 4; lastKnownFileType = sourcecode.swift; path = SafetyCell.swift; sourceTree = "<group>"; };
		834C98FA253231E000BE8691 /* TableHeaderView.swift */ = {isa = PBXFileReference; fileEncoding = 4; lastKnownFileType = sourcecode.swift; path = TableHeaderView.swift; sourceTree = "<group>"; };
		834C99002532326800BE8691 /* PeopleReviewHeader.swift */ = {isa = PBXFileReference; fileEncoding = 4; lastKnownFileType = sourcecode.swift; path = PeopleReviewHeader.swift; sourceTree = "<group>"; };
		834C99012532326800BE8691 /* PeopleReviewsCell.swift */ = {isa = PBXFileReference; fileEncoding = 4; lastKnownFileType = sourcecode.swift; path = PeopleReviewsCell.swift; sourceTree = "<group>"; };
		834C99022532326800BE8691 /* PeopleReviewsController.swift */ = {isa = PBXFileReference; fileEncoding = 4; lastKnownFileType = sourcecode.swift; path = PeopleReviewsController.swift; sourceTree = "<group>"; };
		834C9907253232D600BE8691 /* OnboardingController.swift */ = {isa = PBXFileReference; fileEncoding = 4; lastKnownFileType = sourcecode.swift; path = OnboardingController.swift; sourceTree = "<group>"; };
		834C9908253232D600BE8691 /* Page.swift */ = {isa = PBXFileReference; fileEncoding = 4; lastKnownFileType = sourcecode.swift; path = Page.swift; sourceTree = "<group>"; };
		834C9909253232D700BE8691 /* OnboardingCell.swift */ = {isa = PBXFileReference; fileEncoding = 4; lastKnownFileType = sourcecode.swift; path = OnboardingCell.swift; sourceTree = "<group>"; };
		834C990E253233D200BE8691 /* ProfileHeader.swift */ = {isa = PBXFileReference; fileEncoding = 4; lastKnownFileType = sourcecode.swift; path = ProfileHeader.swift; sourceTree = "<group>"; };
		834C990F253233D300BE8691 /* ProfileCell.swift */ = {isa = PBXFileReference; fileEncoding = 4; lastKnownFileType = sourcecode.swift; path = ProfileCell.swift; sourceTree = "<group>"; };
		834C9910253233D300BE8691 /* ProfileFooterView.swift */ = {isa = PBXFileReference; fileEncoding = 4; lastKnownFileType = sourcecode.swift; path = ProfileFooterView.swift; sourceTree = "<group>"; };
		834C9914253237AC00BE8691 /* OrderCell.swift */ = {isa = PBXFileReference; fileEncoding = 4; lastKnownFileType = sourcecode.swift; path = OrderCell.swift; sourceTree = "<group>"; };
		834C99182532391B00BE8691 /* NewTripController.swift */ = {isa = PBXFileReference; fileEncoding = 4; lastKnownFileType = sourcecode.swift; path = NewTripController.swift; sourceTree = "<group>"; };
		834C99192532391B00BE8691 /* DateAndTimeController.swift */ = {isa = PBXFileReference; fileEncoding = 4; lastKnownFileType = sourcecode.swift; path = DateAndTimeController.swift; sourceTree = "<group>"; };
		834C991C25323C3200BE8691 /* RecentCell.swift */ = {isa = PBXFileReference; fileEncoding = 4; lastKnownFileType = sourcecode.swift; path = RecentCell.swift; sourceTree = "<group>"; };
		834C991F253289C200BE8691 /* PushNotificationService.swift */ = {isa = PBXFileReference; lastKnownFileType = sourcecode.swift; path = PushNotificationService.swift; sourceTree = "<group>"; };
		834C99212532D7B900BE8691 /* UserServices.swift */ = {isa = PBXFileReference; lastKnownFileType = sourcecode.swift; path = UserServices.swift; sourceTree = "<group>"; };
		834C99232532E61500BE8691 /* FileStorage.swift */ = {isa = PBXFileReference; lastKnownFileType = sourcecode.swift; path = FileStorage.swift; sourceTree = "<group>"; };
		834C992A2533542B00BE8691 /* TripCell.swift */ = {isa = PBXFileReference; lastKnownFileType = sourcecode.swift; path = TripCell.swift; sourceTree = "<group>"; };
		834C993425337C0900BE8691 /* RecentChat.swift */ = {isa = PBXFileReference; lastKnownFileType = sourcecode.swift; path = RecentChat.swift; sourceTree = "<group>"; };
		834C9937253382B400BE8691 /* FirebaseRecentService.swift */ = {isa = PBXFileReference; lastKnownFileType = sourcecode.swift; path = FirebaseRecentService.swift; sourceTree = "<group>"; };
		834C9939253384C700BE8691 /* StartChat.swift */ = {isa = PBXFileReference; lastKnownFileType = sourcecode.swift; path = StartChat.swift; sourceTree = "<group>"; };
		834C993D25338D6800BE8691 /* Trip.swift */ = {isa = PBXFileReference; lastKnownFileType = sourcecode.swift; path = Trip.swift; sourceTree = "<group>"; };
		834C99422533A92800BE8691 /* TripService.swift */ = {isa = PBXFileReference; lastKnownFileType = sourcecode.swift; path = TripService.swift; sourceTree = "<group>"; };
		83D7D3E92534720400FA88F0 /* TripDetailsController.swift */ = {isa = PBXFileReference; fileEncoding = 4; lastKnownFileType = sourcecode.swift; path = TripDetailsController.swift; sourceTree = "<group>"; };
		83D7D3EA2534720500FA88F0 /* TripDetailsCell.swift */ = {isa = PBXFileReference; fileEncoding = 4; lastKnownFileType = sourcecode.swift; path = TripDetailsCell.swift; sourceTree = "<group>"; };
		83D7D3EB2534720500FA88F0 /* TripDetailsHeaderView.swift */ = {isa = PBXFileReference; fileEncoding = 4; lastKnownFileType = sourcecode.swift; path = TripDetailsHeaderView.swift; sourceTree = "<group>"; };
		83D7D3EC2534720500FA88F0 /* TripDetailsFooterView.swift */ = {isa = PBXFileReference; fileEncoding = 4; lastKnownFileType = sourcecode.swift; path = TripDetailsFooterView.swift; sourceTree = "<group>"; };
		83D7D3F125347CEF00FA88F0 /* TripViewModel.swift */ = {isa = PBXFileReference; lastKnownFileType = sourcecode.swift; path = TripViewModel.swift; sourceTree = "<group>"; };
		83D7D41D2534F55E00FA88F0 /* UpdateEmailController.swift */ = {isa = PBXFileReference; lastKnownFileType = sourcecode.swift; path = UpdateEmailController.swift; sourceTree = "<group>"; };
		83D7D41F2534F8F900FA88F0 /* emailConfirmation.json */ = {isa = PBXFileReference; fileEncoding = 4; lastKnownFileType = text.json; path = emailConfirmation.json; sourceTree = "<group>"; };
		83D7D4212535913A00FA88F0 /* SendPackageController.swift */ = {isa = PBXFileReference; lastKnownFileType = sourcecode.swift; path = SendPackageController.swift; sourceTree = "<group>"; };
		83D7D42525359DC400FA88F0 /* SendPackageImagesStackView.swift */ = {isa = PBXFileReference; fileEncoding = 4; lastKnownFileType = sourcecode.swift; path = SendPackageImagesStackView.swift; sourceTree = "<group>"; };
		83D7D4272535A49B00FA88F0 /* Package.swift */ = {isa = PBXFileReference; lastKnownFileType = sourcecode.swift; path = Package.swift; sourceTree = "<group>"; };
		D51A6E7133DD48B1B6FB0540 /* Pods-On Your Way.release.xcconfig */ = {isa = PBXFileReference; includeInIndex = 1; lastKnownFileType = text.xcconfig; name = "Pods-On Your Way.release.xcconfig"; path = "Target Support Files/Pods-On Your Way/Pods-On Your Way.release.xcconfig"; sourceTree = "<group>"; };
/* End PBXFileReference section */

/* Begin PBXFrameworksBuildPhase section */
		834C981525311CCC00BE8691 /* Frameworks */ = {
			isa = PBXFrameworksBuildPhase;
			buildActionMask = 2147483647;
			files = (
				28CD9B8C6FE7E3DF245CA0E7 /* Pods_On_Your_Way.framework in Frameworks */,
				834C98F02532304600BE8691 /* LNPopupController.framework in Frameworks */,
				834C98F42532307E00BE8691 /* LNPopupController.framework in Frameworks */,
			);
			runOnlyForDeploymentPostprocessing = 0;
		};
/* End PBXFrameworksBuildPhase section */

/* Begin PBXGroup section */
		80779B31BC85C0572C473762 /* Pods */ = {
			isa = PBXGroup;
			children = (
				71A55185440CDC76BE70C863 /* Pods-On Your Way.debug.xcconfig */,
				D51A6E7133DD48B1B6FB0540 /* Pods-On Your Way.release.xcconfig */,
			);
			path = Pods;
			sourceTree = "<group>";
		};
		834C980F25311CCC00BE8691 = {
			isa = PBXGroup;
			children = (
				834C981A25311CCC00BE8691 /* On Your Way */,
				834C981925311CCC00BE8691 /* Products */,
				80779B31BC85C0572C473762 /* Pods */,
				9972412D674DDD21CF23548C /* Frameworks */,
			);
			sourceTree = "<group>";
		};
		834C981925311CCC00BE8691 /* Products */ = {
			isa = PBXGroup;
			children = (
				834C981825311CCC00BE8691 /* On Your Way.app */,
			);
			name = Products;
			sourceTree = "<group>";
		};
		834C981A25311CCC00BE8691 /* On Your Way */ = {
			isa = PBXGroup;
			children = (
				834C983125311CE900BE8691 /* On Your Way.entitlements */,
				834C989B25312C3000BE8691 /* JSON files */,
				834C981B25311CCC00BE8691 /* AppDelegate.swift */,
				834C981D25311CCC00BE8691 /* SceneDelegate.swift */,
				834C98742531227D00BE8691 /* Constants.swift */,
				834C981F25311CCC00BE8691 /* MainTabController.swift */,
				834C9883253128E700BE8691 /* View Controllers arch */,
				834C9906253232CD00BE8691 /* Onboarding arch */,
				834C98D92531A98200BE8691 /* API */,
				834C98C82531308200BE8691 /* Firebase helpers */,
				834C988E25312B2700BE8691 /* Auth Controller arch */,
				834C98772531234600BE8691 /* Model */,
				834C989625312BC100BE8691 /* Utilities */,
				834C982425311CCE00BE8691 /* Assets.xcassets */,
				834C982625311CCE00BE8691 /* LaunchScreen.storyboard */,
				834C986F25311EAD00BE8691 /* GoogleService-Info.plist */,
				834C982925311CCF00BE8691 /* Info.plist */,
			);
			path = "On Your Way";
			sourceTree = "<group>";
		};
		834C98772531234600BE8691 /* Model */ = {
			isa = PBXGroup;
			children = (
				834C98C525312E3900BE8691 /* User.swift */,
				834C993D25338D6800BE8691 /* Trip.swift */,
				83D7D4272535A49B00FA88F0 /* Package.swift */,
				834C993425337C0900BE8691 /* RecentChat.swift */,
			);
			path = Model;
			sourceTree = "<group>";
		};
		834C9883253128E700BE8691 /* View Controllers arch */ = {
			isa = PBXGroup;
			children = (
				834C99362533808400BE8691 /* Trip arch */,
				834C991E25323C3A00BE8691 /* Recent Message arch */,
				834C9916253237B200BE8691 /* Orders arch */,
				834C990D253233C400BE8691 /* Profile arch */,
			);
			path = "View Controllers arch";
			sourceTree = "<group>";
		};
		834C988E25312B2700BE8691 /* Auth Controller arch */ = {
			isa = PBXGroup;
			children = (
				834C988F25312B5C00BE8691 /* LoginController.swift */,
				834C989325312B6600BE8691 /* RegistrationController.swift */,
				834C98DE2531ADF700BE8691 /* Phone auth arch */,
			);
			name = "Auth Controller arch";
			sourceTree = "<group>";
		};
		834C989625312BC100BE8691 /* Utilities */ = {
			isa = PBXGroup;
			children = (
				834C989725312BCE00BE8691 /* Extenions.swift */,
				834C991F253289C200BE8691 /* PushNotificationService.swift */,
				834C98CE253192C000BE8691 /* CustomContainerView.swift */,
				834C98D1253193D800BE8691 /* CustomTextField.swift */,
			);
			path = Utilities;
			sourceTree = "<group>";
		};
		834C989B25312C3000BE8691 /* JSON files */ = {
			isa = PBXGroup;
			children = (
				834C98A125312C5700BE8691 /* 34548-5-estrellas.json */,
				834C98AD25312C5700BE8691 /* chat.json */,
				834C98A025312C5700BE8691 /* cleanPhones.json */,
				83D7D41F2534F8F900FA88F0 /* emailConfirmation.json */,
				834C98A725312C5700BE8691 /* covid_19_protect.json */,
				834C98AB25312C5700BE8691 /* delivery_address_green.json */,
				834C98A925312C5700BE8691 /* delivery_home.json */,
				834C98A525312C5700BE8691 /* hand_sanitizer.json */,
				834C98AC25312C5700BE8691 /* hand_sanitizer2.json */,
				834C989D25312C5700BE8691 /* height_measure_tape.json */,
				834C989C25312C5700BE8691 /* isTypingIndicator.json */,
				834C98A225312C5700BE8691 /* package_delivery.json */,
				834C98AA25312C5700BE8691 /* packageDelivery.json */,
				834C98A825312C5700BE8691 /* safety.json */,
				834C98A425312C5700BE8691 /* sendingemail.json */,
				834C989E25312C5700BE8691 /* social_distancing.json */,
				834C989F25312C5700BE8691 /* stay_home.json */,
				834C98A625312C5700BE8691 /* textMessage_SMS.json */,
				834C98AF25312C5700BE8691 /* wash_your_hands_regularly.json */,
				834C98AE25312C5700BE8691 /* wearMask.json */,
				834C98A325312C5700BE8691 /* width_measure_tape.json */,
			);
			path = "JSON files";
			sourceTree = "<group>";
		};
		834C98C82531308200BE8691 /* Firebase helpers */ = {
			isa = PBXGroup;
			children = (
			);
			path = "Firebase helpers";
			sourceTree = "<group>";
		};
		834C98D92531A98200BE8691 /* API */ = {
			isa = PBXGroup;
			children = (
				834C98E32531D0F800BE8691 /* AuthServices.swift */,
				834C99232532E61500BE8691 /* FileStorage.swift */,
				834C99212532D7B900BE8691 /* UserServices.swift */,
				834C9937253382B400BE8691 /* FirebaseRecentService.swift */,
				834C9939253384C700BE8691 /* StartChat.swift */,
				834C99422533A92800BE8691 /* TripService.swift */,
			);
			path = API;
			sourceTree = "<group>";
		};
		834C98DE2531ADF700BE8691 /* Phone auth arch */ = {
			isa = PBXGroup;
			children = (
				834C98DA2531AA2A00BE8691 /* PhoneLoginController.swift */,
				834C98DF2531AE0D00BE8691 /* PhoneOPTTextField.swift */,
			);
			name = "Phone auth arch";
			sourceTree = "<group>";
		};
		834C98F6253231CA00BE8691 /* Safety arch */ = {
			isa = PBXGroup;
			children = (
				834C98F7253231DF00BE8691 /* SafetyControllerGuidelines.swift */,
				834C98FA253231E000BE8691 /* TableHeaderView.swift */,
				834C98F9253231E000BE8691 /* SafetyCell.swift */,
				834C98F8253231DF00BE8691 /* SafetyFooterView.swift */,
			);
			path = "Safety arch";
			sourceTree = "<group>";
		};
		834C98FF2532325D00BE8691 /* People Reviews arch */ = {
			isa = PBXGroup;
			children = (
				834C99022532326800BE8691 /* PeopleReviewsController.swift */,
				834C99002532326800BE8691 /* PeopleReviewHeader.swift */,
				834C99012532326800BE8691 /* PeopleReviewsCell.swift */,
			);
			path = "People Reviews arch";
			sourceTree = "<group>";
		};
		834C9906253232CD00BE8691 /* Onboarding arch */ = {
			isa = PBXGroup;
			children = (
				834C9909253232D700BE8691 /* OnboardingCell.swift */,
				834C9907253232D600BE8691 /* OnboardingController.swift */,
				834C9908253232D600BE8691 /* Page.swift */,
			);
			path = "Onboarding arch";
			sourceTree = "<group>";
		};
		834C990D253233C400BE8691 /* Profile arch */ = {
			isa = PBXGroup;
			children = (
				834C988A25312A7600BE8691 /* ProfileController.swift */,
				83D7D41D2534F55E00FA88F0 /* UpdateEmailController.swift */,
				834C990E253233D200BE8691 /* ProfileHeader.swift */,
				834C990F253233D300BE8691 /* ProfileCell.swift */,
				834C9910253233D300BE8691 /* ProfileFooterView.swift */,
				834C98FF2532325D00BE8691 /* People Reviews arch */,
				834C98F6253231CA00BE8691 /* Safety arch */,
			);
			path = "Profile arch";
			sourceTree = "<group>";
		};
		834C9916253237B200BE8691 /* Orders arch */ = {
			isa = PBXGroup;
			children = (
				834C98802531288D00BE8691 /* OrdersController.swift */,
				834C9914253237AC00BE8691 /* OrderCell.swift */,
			);
			path = "Orders arch";
			sourceTree = "<group>";
		};
		834C99172532390E00BE8691 /* New Trip arch */ = {
			isa = PBXGroup;
			children = (
				834C99182532391B00BE8691 /* NewTripController.swift */,
				834C99192532391B00BE8691 /* DateAndTimeController.swift */,
			);
			path = "New Trip arch";
			sourceTree = "<group>";
		};
		834C991E25323C3A00BE8691 /* Recent Message arch */ = {
			isa = PBXGroup;
			children = (
				834C9886253129FF00BE8691 /* RecentController.swift */,
				834C991C25323C3200BE8691 /* RecentCell.swift */,
			);
			path = "Recent Message arch";
			sourceTree = "<group>";
		};
		834C99362533808400BE8691 /* Trip arch */ = {
			isa = PBXGroup;
			children = (
				834C987D2531286100BE8691 /* TripsTimelineController.swift */,
				834C992A2533542B00BE8691 /* TripCell.swift */,
				83D7D3F125347CEF00FA88F0 /* TripViewModel.swift */,
				834C99172532390E00BE8691 /* New Trip arch */,
				83D7D3E8253471F700FA88F0 /* Trip Details arch */,
			);
			path = "Trip arch";
			sourceTree = "<group>";
		};
		83D7D3E8253471F700FA88F0 /* Trip Details arch */ = {
			isa = PBXGroup;
			children = (
				83D7D3E92534720400FA88F0 /* TripDetailsController.swift */,
				83D7D4212535913A00FA88F0 /* SendPackageController.swift */,
				83D7D42525359DC400FA88F0 /* SendPackageImagesStackView.swift */,
				83D7D3EB2534720500FA88F0 /* TripDetailsHeaderView.swift */,
				83D7D3EA2534720500FA88F0 /* TripDetailsCell.swift */,
				83D7D3EC2534720500FA88F0 /* TripDetailsFooterView.swift */,
			);
			path = "Trip Details arch";
			sourceTree = "<group>";
		};
		9972412D674DDD21CF23548C /* Frameworks */ = {
			isa = PBXGroup;
			children = (
				834C98F32532307E00BE8691 /* LNPopupController.framework */,
				834C98EF2532304600BE8691 /* LNPopupController.framework */,
				675DCED79A5B42D98125C350 /* Pods_On_Your_Way.framework */,
			);
			name = Frameworks;
			sourceTree = "<group>";
		};
/* End PBXGroup section */

/* Begin PBXNativeTarget section */
		834C981725311CCC00BE8691 /* On Your Way */ = {
			isa = PBXNativeTarget;
			buildConfigurationList = 834C982C25311CCF00BE8691 /* Build configuration list for PBXNativeTarget "On Your Way" */;
			buildPhases = (
				6B03B558ED625E2108015E1C /* [CP] Check Pods Manifest.lock */,
				834C981425311CCC00BE8691 /* Sources */,
				834C981525311CCC00BE8691 /* Frameworks */,
				834C981625311CCC00BE8691 /* Resources */,
				5E65AFD9FD3EF2DB2937D741 /* [CP] Embed Pods Frameworks */,
				A4794056D0D2C5F2901D4B25 /* [CP] Copy Pods Resources */,
				834C98F22532304700BE8691 /* Embed Frameworks */,
			);
			buildRules = (
			);
			dependencies = (
			);
			name = "On Your Way";
			productName = "On Your Way";
			productReference = 834C981825311CCC00BE8691 /* On Your Way.app */;
			productType = "com.apple.product-type.application";
		};
/* End PBXNativeTarget section */

/* Begin PBXProject section */
		834C981025311CCC00BE8691 /* Project object */ = {
			isa = PBXProject;
			attributes = {
				LastSwiftUpdateCheck = 1200;
				LastUpgradeCheck = 1200;
				TargetAttributes = {
					834C981725311CCC00BE8691 = {
						CreatedOnToolsVersion = 12.0.1;
					};
				};
			};
			buildConfigurationList = 834C981325311CCC00BE8691 /* Build configuration list for PBXProject "On Your Way" */;
			compatibilityVersion = "Xcode 9.3";
			developmentRegion = en;
			hasScannedForEncodings = 0;
			knownRegions = (
				en,
				Base,
			);
			mainGroup = 834C980F25311CCC00BE8691;
			productRefGroup = 834C981925311CCC00BE8691 /* Products */;
			projectDirPath = "";
			projectRoot = "";
			targets = (
				834C981725311CCC00BE8691 /* On Your Way */,
			);
		};
/* End PBXProject section */

/* Begin PBXResourcesBuildPhase section */
		834C981625311CCC00BE8691 /* Resources */ = {
			isa = PBXResourcesBuildPhase;
			buildActionMask = 2147483647;
			files = (
				834C98B925312C5700BE8691 /* hand_sanitizer.json in Resources */,
				834C98B725312C5700BE8691 /* width_measure_tape.json in Resources */,
				834C98B425312C5700BE8691 /* cleanPhones.json in Resources */,
				834C98B125312C5700BE8691 /* height_measure_tape.json in Resources */,
				834C982825311CCE00BE8691 /* LaunchScreen.storyboard in Resources */,
				834C987025311EAD00BE8691 /* GoogleService-Info.plist in Resources */,
				834C98BB25312C5700BE8691 /* covid_19_protect.json in Resources */,
				834C98B525312C5700BE8691 /* 34548-5-estrellas.json in Resources */,
				834C98B025312C5700BE8691 /* isTypingIndicator.json in Resources */,
				834C98C025312C5700BE8691 /* hand_sanitizer2.json in Resources */,
				834C98C225312C5700BE8691 /* wearMask.json in Resources */,
				834C98BA25312C5700BE8691 /* textMessage_SMS.json in Resources */,
				834C98B625312C5700BE8691 /* package_delivery.json in Resources */,
				834C98C125312C5700BE8691 /* chat.json in Resources */,
				834C98B225312C5700BE8691 /* social_distancing.json in Resources */,
				834C98C325312C5700BE8691 /* wash_your_hands_regularly.json in Resources */,
				834C98BE25312C5700BE8691 /* packageDelivery.json in Resources */,
				834C98BF25312C5700BE8691 /* delivery_address_green.json in Resources */,
				834C98B825312C5700BE8691 /* sendingemail.json in Resources */,
				834C982525311CCE00BE8691 /* Assets.xcassets in Resources */,
				834C98B325312C5700BE8691 /* stay_home.json in Resources */,
				834C98BD25312C5700BE8691 /* delivery_home.json in Resources */,
				834C98BC25312C5700BE8691 /* safety.json in Resources */,
				83D7D4202534F8F900FA88F0 /* emailConfirmation.json in Resources */,
			);
			runOnlyForDeploymentPostprocessing = 0;
		};
/* End PBXResourcesBuildPhase section */

/* Begin PBXShellScriptBuildPhase section */
		5E65AFD9FD3EF2DB2937D741 /* [CP] Embed Pods Frameworks */ = {
			isa = PBXShellScriptBuildPhase;
			buildActionMask = 2147483647;
			files = (
			);
			inputFileListPaths = (
				"${PODS_ROOT}/Target Support Files/Pods-On Your Way/Pods-On Your Way-frameworks-${CONFIGURATION}-input-files.xcfilelist",
			);
			name = "[CP] Embed Pods Frameworks";
			outputFileListPaths = (
				"${PODS_ROOT}/Target Support Files/Pods-On Your Way/Pods-On Your Way-frameworks-${CONFIGURATION}-output-files.xcfilelist",
			);
			runOnlyForDeploymentPostprocessing = 0;
			shellPath = /bin/sh;
			shellScript = "\"${PODS_ROOT}/Target Support Files/Pods-On Your Way/Pods-On Your Way-frameworks.sh\"\n";
			showEnvVarsInLog = 0;
		};
		6B03B558ED625E2108015E1C /* [CP] Check Pods Manifest.lock */ = {
			isa = PBXShellScriptBuildPhase;
			buildActionMask = 2147483647;
			files = (
			);
			inputFileListPaths = (
			);
			inputPaths = (
				"${PODS_PODFILE_DIR_PATH}/Podfile.lock",
				"${PODS_ROOT}/Manifest.lock",
			);
			name = "[CP] Check Pods Manifest.lock";
			outputFileListPaths = (
			);
			outputPaths = (
				"$(DERIVED_FILE_DIR)/Pods-On Your Way-checkManifestLockResult.txt",
			);
			runOnlyForDeploymentPostprocessing = 0;
			shellPath = /bin/sh;
			shellScript = "diff \"${PODS_PODFILE_DIR_PATH}/Podfile.lock\" \"${PODS_ROOT}/Manifest.lock\" > /dev/null\nif [ $? != 0 ] ; then\n    # print error to STDERR\n    echo \"error: The sandbox is not in sync with the Podfile.lock. Run 'pod install' or update your CocoaPods installation.\" >&2\n    exit 1\nfi\n# This output is used by Xcode 'outputs' to avoid re-running this script phase.\necho \"SUCCESS\" > \"${SCRIPT_OUTPUT_FILE_0}\"\n";
			showEnvVarsInLog = 0;
		};
		A4794056D0D2C5F2901D4B25 /* [CP] Copy Pods Resources */ = {
			isa = PBXShellScriptBuildPhase;
			buildActionMask = 2147483647;
			files = (
			);
			inputFileListPaths = (
				"${PODS_ROOT}/Target Support Files/Pods-On Your Way/Pods-On Your Way-resources-${CONFIGURATION}-input-files.xcfilelist",
			);
			name = "[CP] Copy Pods Resources";
			outputFileListPaths = (
				"${PODS_ROOT}/Target Support Files/Pods-On Your Way/Pods-On Your Way-resources-${CONFIGURATION}-output-files.xcfilelist",
			);
			runOnlyForDeploymentPostprocessing = 0;
			shellPath = /bin/sh;
			shellScript = "\"${PODS_ROOT}/Target Support Files/Pods-On Your Way/Pods-On Your Way-resources.sh\"\n";
			showEnvVarsInLog = 0;
		};
/* End PBXShellScriptBuildPhase section */

/* Begin PBXSourcesBuildPhase section */
		834C981425311CCC00BE8691 /* Sources */ = {
			isa = PBXSourcesBuildPhase;
			buildActionMask = 2147483647;
			files = (
				834C993E25338D6800BE8691 /* Trip.swift in Sources */,
				834C99052532326800BE8691 /* PeopleReviewsController.swift in Sources */,
				834C9913253233D300BE8691 /* ProfileFooterView.swift in Sources */,
				834C9938253382B400BE8691 /* FirebaseRecentService.swift in Sources */,
				834C98812531288D00BE8691 /* OrdersController.swift in Sources */,
				834C99032532326800BE8691 /* PeopleReviewHeader.swift in Sources */,
				834C991D25323C3200BE8691 /* RecentCell.swift in Sources */,
				83D7D3ED2534720500FA88F0 /* TripDetailsController.swift in Sources */,
				834C98CF253192C000BE8691 /* CustomContainerView.swift in Sources */,
				83D7D3EF2534720500FA88F0 /* TripDetailsHeaderView.swift in Sources */,
				834C982025311CCC00BE8691 /* MainTabController.swift in Sources */,
				834C9915253237AC00BE8691 /* OrderCell.swift in Sources */,
				83D7D4282535A49B00FA88F0 /* Package.swift in Sources */,
				83D7D4222535913A00FA88F0 /* SendPackageController.swift in Sources */,
				834C99042532326800BE8691 /* PeopleReviewsCell.swift in Sources */,
				834C990A253232D700BE8691 /* OnboardingController.swift in Sources */,
				834C98FC253231E000BE8691 /* SafetyFooterView.swift in Sources */,
				834C99242532E61500BE8691 /* FileStorage.swift in Sources */,
				834C981C25311CCC00BE8691 /* AppDelegate.swift in Sources */,
				834C992B2533542B00BE8691 /* TripCell.swift in Sources */,
				834C9912253233D300BE8691 /* ProfileCell.swift in Sources */,
				834C991A2532391B00BE8691 /* NewTripController.swift in Sources */,
				834C99432533A92800BE8691 /* TripService.swift in Sources */,
				834C981E25311CCC00BE8691 /* SceneDelegate.swift in Sources */,
				834C989825312BCE00BE8691 /* Extenions.swift in Sources */,
				834C98FB253231E000BE8691 /* SafetyControllerGuidelines.swift in Sources */,
				834C989025312B5C00BE8691 /* LoginController.swift in Sources */,
				83D7D3F225347CEF00FA88F0 /* TripViewModel.swift in Sources */,
				834C993525337C0A00BE8691 /* RecentChat.swift in Sources */,
				834C987E2531286100BE8691 /* TripsTimelineController.swift in Sources */,
				834C991B2532391B00BE8691 /* DateAndTimeController.swift in Sources */,
				83D7D3F02534720500FA88F0 /* TripDetailsFooterView.swift in Sources */,
				834C98752531227D00BE8691 /* Constants.swift in Sources */,
				834C98E02531AE0D00BE8691 /* PhoneOPTTextField.swift in Sources */,
				83D7D3EE2534720500FA88F0 /* TripDetailsCell.swift in Sources */,
				834C98C625312E3900BE8691 /* User.swift in Sources */,
				834C9887253129FF00BE8691 /* RecentController.swift in Sources */,
				834C993A253384C700BE8691 /* StartChat.swift in Sources */,
				834C9920253289C200BE8691 /* PushNotificationService.swift in Sources */,
				834C99222532D7B900BE8691 /* UserServices.swift in Sources */,
				83D7D42625359DC400FA88F0 /* SendPackageImagesStackView.swift in Sources */,
				834C989425312B6600BE8691 /* RegistrationController.swift in Sources */,
				834C98DB2531AA2A00BE8691 /* PhoneLoginController.swift in Sources */,
				834C98FE253231E000BE8691 /* TableHeaderView.swift in Sources */,
				834C988B25312A7600BE8691 /* ProfileController.swift in Sources */,
				834C990C253232D700BE8691 /* OnboardingCell.swift in Sources */,
				83D7D41E2534F55E00FA88F0 /* UpdateEmailController.swift in Sources */,
				834C98E42531D0F800BE8691 /* AuthServices.swift in Sources */,
				834C990B253232D700BE8691 /* Page.swift in Sources */,
				834C98FD253231E000BE8691 /* SafetyCell.swift in Sources */,
				834C9911253233D300BE8691 /* ProfileHeader.swift in Sources */,
				834C98D2253193D800BE8691 /* CustomTextField.swift in Sources */,
			);
			runOnlyForDeploymentPostprocessing = 0;
		};
/* End PBXSourcesBuildPhase section */

/* Begin PBXVariantGroup section */
		834C982625311CCE00BE8691 /* LaunchScreen.storyboard */ = {
			isa = PBXVariantGroup;
			children = (
				834C982725311CCE00BE8691 /* Base */,
			);
			name = LaunchScreen.storyboard;
			sourceTree = "<group>";
		};
/* End PBXVariantGroup section */

/* Begin XCBuildConfiguration section */
		834C982A25311CCF00BE8691 /* Debug */ = {
			isa = XCBuildConfiguration;
			buildSettings = {
				ALWAYS_SEARCH_USER_PATHS = NO;
				CLANG_ANALYZER_NONNULL = YES;
				CLANG_ANALYZER_NUMBER_OBJECT_CONVERSION = YES_AGGRESSIVE;
				CLANG_CXX_LANGUAGE_STANDARD = "gnu++14";
				CLANG_CXX_LIBRARY = "libc++";
				CLANG_ENABLE_MODULES = YES;
				CLANG_ENABLE_OBJC_ARC = YES;
				CLANG_ENABLE_OBJC_WEAK = YES;
				CLANG_WARN_BLOCK_CAPTURE_AUTORELEASING = YES;
				CLANG_WARN_BOOL_CONVERSION = YES;
				CLANG_WARN_COMMA = YES;
				CLANG_WARN_CONSTANT_CONVERSION = YES;
				CLANG_WARN_DEPRECATED_OBJC_IMPLEMENTATIONS = YES;
				CLANG_WARN_DIRECT_OBJC_ISA_USAGE = YES_ERROR;
				CLANG_WARN_DOCUMENTATION_COMMENTS = YES;
				CLANG_WARN_EMPTY_BODY = YES;
				CLANG_WARN_ENUM_CONVERSION = YES;
				CLANG_WARN_INFINITE_RECURSION = YES;
				CLANG_WARN_INT_CONVERSION = YES;
				CLANG_WARN_NON_LITERAL_NULL_CONVERSION = YES;
				CLANG_WARN_OBJC_IMPLICIT_RETAIN_SELF = YES;
				CLANG_WARN_OBJC_LITERAL_CONVERSION = YES;
				CLANG_WARN_OBJC_ROOT_CLASS = YES_ERROR;
				CLANG_WARN_QUOTED_INCLUDE_IN_FRAMEWORK_HEADER = YES;
				CLANG_WARN_RANGE_LOOP_ANALYSIS = YES;
				CLANG_WARN_STRICT_PROTOTYPES = YES;
				CLANG_WARN_SUSPICIOUS_MOVE = YES;
				CLANG_WARN_UNGUARDED_AVAILABILITY = YES_AGGRESSIVE;
				CLANG_WARN_UNREACHABLE_CODE = YES;
				CLANG_WARN__DUPLICATE_METHOD_MATCH = YES;
				COPY_PHASE_STRIP = NO;
				DEBUG_INFORMATION_FORMAT = dwarf;
				ENABLE_STRICT_OBJC_MSGSEND = YES;
				ENABLE_TESTABILITY = YES;
				GCC_C_LANGUAGE_STANDARD = gnu11;
				GCC_DYNAMIC_NO_PIC = NO;
				GCC_NO_COMMON_BLOCKS = YES;
				GCC_OPTIMIZATION_LEVEL = 0;
				GCC_PREPROCESSOR_DEFINITIONS = (
					"DEBUG=1",
					"$(inherited)",
				);
				GCC_WARN_64_TO_32_BIT_CONVERSION = YES;
				GCC_WARN_ABOUT_RETURN_TYPE = YES_ERROR;
				GCC_WARN_UNDECLARED_SELECTOR = YES;
				GCC_WARN_UNINITIALIZED_AUTOS = YES_AGGRESSIVE;
				GCC_WARN_UNUSED_FUNCTION = YES;
				GCC_WARN_UNUSED_VARIABLE = YES;
				IPHONEOS_DEPLOYMENT_TARGET = 13.5;
				MTL_ENABLE_DEBUG_INFO = INCLUDE_SOURCE;
				MTL_FAST_MATH = YES;
				ONLY_ACTIVE_ARCH = YES;
				SDKROOT = iphoneos;
				SWIFT_ACTIVE_COMPILATION_CONDITIONS = DEBUG;
				SWIFT_OPTIMIZATION_LEVEL = "-Onone";
			};
			name = Debug;
		};
		834C982B25311CCF00BE8691 /* Release */ = {
			isa = XCBuildConfiguration;
			buildSettings = {
				ALWAYS_SEARCH_USER_PATHS = NO;
				CLANG_ANALYZER_NONNULL = YES;
				CLANG_ANALYZER_NUMBER_OBJECT_CONVERSION = YES_AGGRESSIVE;
				CLANG_CXX_LANGUAGE_STANDARD = "gnu++14";
				CLANG_CXX_LIBRARY = "libc++";
				CLANG_ENABLE_MODULES = YES;
				CLANG_ENABLE_OBJC_ARC = YES;
				CLANG_ENABLE_OBJC_WEAK = YES;
				CLANG_WARN_BLOCK_CAPTURE_AUTORELEASING = YES;
				CLANG_WARN_BOOL_CONVERSION = YES;
				CLANG_WARN_COMMA = YES;
				CLANG_WARN_CONSTANT_CONVERSION = YES;
				CLANG_WARN_DEPRECATED_OBJC_IMPLEMENTATIONS = YES;
				CLANG_WARN_DIRECT_OBJC_ISA_USAGE = YES_ERROR;
				CLANG_WARN_DOCUMENTATION_COMMENTS = YES;
				CLANG_WARN_EMPTY_BODY = YES;
				CLANG_WARN_ENUM_CONVERSION = YES;
				CLANG_WARN_INFINITE_RECURSION = YES;
				CLANG_WARN_INT_CONVERSION = YES;
				CLANG_WARN_NON_LITERAL_NULL_CONVERSION = YES;
				CLANG_WARN_OBJC_IMPLICIT_RETAIN_SELF = YES;
				CLANG_WARN_OBJC_LITERAL_CONVERSION = YES;
				CLANG_WARN_OBJC_ROOT_CLASS = YES_ERROR;
				CLANG_WARN_QUOTED_INCLUDE_IN_FRAMEWORK_HEADER = YES;
				CLANG_WARN_RANGE_LOOP_ANALYSIS = YES;
				CLANG_WARN_STRICT_PROTOTYPES = YES;
				CLANG_WARN_SUSPICIOUS_MOVE = YES;
				CLANG_WARN_UNGUARDED_AVAILABILITY = YES_AGGRESSIVE;
				CLANG_WARN_UNREACHABLE_CODE = YES;
				CLANG_WARN__DUPLICATE_METHOD_MATCH = YES;
				COPY_PHASE_STRIP = NO;
				DEBUG_INFORMATION_FORMAT = "dwarf-with-dsym";
				ENABLE_NS_ASSERTIONS = NO;
				ENABLE_STRICT_OBJC_MSGSEND = YES;
				GCC_C_LANGUAGE_STANDARD = gnu11;
				GCC_NO_COMMON_BLOCKS = YES;
				GCC_WARN_64_TO_32_BIT_CONVERSION = YES;
				GCC_WARN_ABOUT_RETURN_TYPE = YES_ERROR;
				GCC_WARN_UNDECLARED_SELECTOR = YES;
				GCC_WARN_UNINITIALIZED_AUTOS = YES_AGGRESSIVE;
				GCC_WARN_UNUSED_FUNCTION = YES;
				GCC_WARN_UNUSED_VARIABLE = YES;
				IPHONEOS_DEPLOYMENT_TARGET = 13.5;
				MTL_ENABLE_DEBUG_INFO = NO;
				MTL_FAST_MATH = YES;
				SDKROOT = iphoneos;
				SWIFT_COMPILATION_MODE = wholemodule;
				SWIFT_OPTIMIZATION_LEVEL = "-O";
				VALIDATE_PRODUCT = YES;
			};
			name = Release;
		};
		834C982D25311CCF00BE8691 /* Debug */ = {
			isa = XCBuildConfiguration;
			baseConfigurationReference = 71A55185440CDC76BE70C863 /* Pods-On Your Way.debug.xcconfig */;
			buildSettings = {
				ASSETCATALOG_COMPILER_APPICON_NAME = AppIcon;
				ASSETCATALOG_COMPILER_GLOBAL_ACCENT_COLOR_NAME = AccentColor;
				CODE_SIGN_ENTITLEMENTS = "On Your Way/On Your Way.entitlements";
				CODE_SIGN_STYLE = Automatic;
				DEVELOPMENT_TEAM = UGDUJASRTY;
				INFOPLIST_FILE = "On Your Way/Info.plist";
				IPHONEOS_DEPLOYMENT_TARGET = 13.5;
				LD_RUNPATH_SEARCH_PATHS = (
					"$(inherited)",
					"@executable_path/Frameworks",
				);
				PRODUCT_BUNDLE_IDENTIFIER = "com.ARMobileApps.org.On-Your-Way";
				PRODUCT_NAME = "$(TARGET_NAME)";
				SWIFT_VERSION = 5.0;
				TARGETED_DEVICE_FAMILY = "1,2";
			};
			name = Debug;
		};
		834C982E25311CCF00BE8691 /* Release */ = {
			isa = XCBuildConfiguration;
			baseConfigurationReference = D51A6E7133DD48B1B6FB0540 /* Pods-On Your Way.release.xcconfig */;
			buildSettings = {
				ASSETCATALOG_COMPILER_APPICON_NAME = AppIcon;
				ASSETCATALOG_COMPILER_GLOBAL_ACCENT_COLOR_NAME = AccentColor;
				CODE_SIGN_ENTITLEMENTS = "On Your Way/On Your Way.entitlements";
				CODE_SIGN_STYLE = Automatic;
				DEVELOPMENT_TEAM = UGDUJASRTY;
				INFOPLIST_FILE = "On Your Way/Info.plist";
				IPHONEOS_DEPLOYMENT_TARGET = 13.5;
				LD_RUNPATH_SEARCH_PATHS = (
					"$(inherited)",
					"@executable_path/Frameworks",
				);
				PRODUCT_BUNDLE_IDENTIFIER = "com.ARMobileApps.org.On-Your-Way";
				PRODUCT_NAME = "$(TARGET_NAME)";
				SWIFT_VERSION = 5.0;
				TARGETED_DEVICE_FAMILY = "1,2";
			};
			name = Release;
		};
/* End XCBuildConfiguration section */

/* Begin XCConfigurationList section */
		834C981325311CCC00BE8691 /* Build configuration list for PBXProject "On Your Way" */ = {
			isa = XCConfigurationList;
			buildConfigurations = (
				834C982A25311CCF00BE8691 /* Debug */,
				834C982B25311CCF00BE8691 /* Release */,
			);
			defaultConfigurationIsVisible = 0;
			defaultConfigurationName = Release;
		};
		834C982C25311CCF00BE8691 /* Build configuration list for PBXNativeTarget "On Your Way" */ = {
			isa = XCConfigurationList;
			buildConfigurations = (
				834C982D25311CCF00BE8691 /* Debug */,
				834C982E25311CCF00BE8691 /* Release */,
			);
			defaultConfigurationIsVisible = 0;
			defaultConfigurationName = Release;
		};
/* End XCConfigurationList section */
	};
	rootObject = 834C981025311CCC00BE8691 /* Project object */;
}
